// !$*UTF8*$!
{
	archiveVersion = 1;
	classes = {
	};
	objectVersion = 77;
	objects = {

/* Begin PBXBuildFile section */
		3D162FA32F30959000E62FC6 /* FetchModelView.swift in Sources */ = {isa = PBXBuildFile; fileRef = 3D162FA22F30958400E62FC6 /* FetchModelView.swift */; };
		3D22FA4A2F2BE2FE00A36C47 /* ContentView.swift in Sources */ = {isa = PBXBuildFile; fileRef = 3D22FA492F2BE2FE00A36C47 /* ContentView.swift */; };
/* End PBXBuildFile section */

/* Begin PBXContainerItemProxy section */
		3DBB791B2EA3F876003E24C2 /* PBXContainerItemProxy */ = {
			isa = PBXContainerItemProxy;
			containerPortal = 3DBB79052EA3F874003E24C2 /* Project object */;
			proxyType = 1;
			remoteGlobalIDString = 3DBB790C2EA3F874003E24C2;
			remoteInfo = AnchorMap;
		};
		3DBB79252EA3F876003E24C2 /* PBXContainerItemProxy */ = {
			isa = PBXContainerItemProxy;
			containerPortal = 3DBB79052EA3F874003E24C2 /* Project object */;
			proxyType = 1;
			remoteGlobalIDString = 3DBB790C2EA3F874003E24C2;
			remoteInfo = AnchorMap;
		};
/* End PBXContainerItemProxy section */

/* Begin PBXFileReference section */
		3D162FA22F30958400E62FC6 /* FetchModelView.swift */ = {isa = PBXFileReference; lastKnownFileType = sourcecode.swift; path = FetchModelView.swift; sourceTree = "<group>"; };
		3D22FA492F2BE2FE00A36C47 /* ContentView.swift */ = {isa = PBXFileReference; lastKnownFileType = sourcecode.swift; path = ContentView.swift; sourceTree = "<group>"; };
		3DBB790D2EA3F874003E24C2 /* AnchorMap.app */ = {isa = PBXFileReference; explicitFileType = wrapper.application; includeInIndex = 0; path = AnchorMap.app; sourceTree = BUILT_PRODUCTS_DIR; };
		3DBB791A2EA3F876003E24C2 /* AnchorMapTests.xctest */ = {isa = PBXFileReference; explicitFileType = wrapper.cfbundle; includeInIndex = 0; path = AnchorMapTests.xctest; sourceTree = BUILT_PRODUCTS_DIR; };
		3DBB79242EA3F876003E24C2 /* AnchorMapUITests.xctest */ = {isa = PBXFileReference; explicitFileType = wrapper.cfbundle; includeInIndex = 0; path = AnchorMapUITests.xctest; sourceTree = BUILT_PRODUCTS_DIR; };
/* End PBXFileReference section */

/* Begin PBXFileSystemSynchronizedBuildFileExceptionSet section */
		3D22FA4E2F2BF6F200A36C47 /* Exceptions for "AnchorMap" folder in "AnchorMap" target */ = {
			isa = PBXFileSystemSynchronizedBuildFileExceptionSet;
			membershipExceptions = (
				Info.plist,
			);
			target = 3DBB790C2EA3F874003E24C2 /* AnchorMap */;
		};
/* End PBXFileSystemSynchronizedBuildFileExceptionSet section */

/* Begin PBXFileSystemSynchronizedRootGroup section */
		3DBB790F2EA3F874003E24C2 /* AnchorMap */ = {
			isa = PBXFileSystemSynchronizedRootGroup;
			exceptions = (
				3D22FA4E2F2BF6F200A36C47 /* Exceptions for "AnchorMap" folder in "AnchorMap" target */,
			);
			path = AnchorMap;
			sourceTree = "<group>";
		};
		3DBB791D2EA3F876003E24C2 /* AnchorMapTests */ = {
			isa = PBXFileSystemSynchronizedRootGroup;
			path = AnchorMapTests;
			sourceTree = "<group>";
		};
		3DBB79272EA3F876003E24C2 /* AnchorMapUITests */ = {
			isa = PBXFileSystemSynchronizedRootGroup;
			path = AnchorMapUITests;
			sourceTree = "<group>";
		};
/* End PBXFileSystemSynchronizedRootGroup section */

/* Begin PBXFrameworksBuildPhase section */
		3DBB790A2EA3F874003E24C2 /* Frameworks */ = {
			isa = PBXFrameworksBuildPhase;
			buildActionMask = 2147483647;
			files = (
			);
			runOnlyForDeploymentPostprocessing = 0;
		};
		3DBB79172EA3F876003E24C2 /* Frameworks */ = {
			isa = PBXFrameworksBuildPhase;
			buildActionMask = 2147483647;
			files = (
			);
			runOnlyForDeploymentPostprocessing = 0;
		};
		3DBB79212EA3F876003E24C2 /* Frameworks */ = {
			isa = PBXFrameworksBuildPhase;
			buildActionMask = 2147483647;
			files = (
			);
			runOnlyForDeploymentPostprocessing = 0;
		};
/* End PBXFrameworksBuildPhase section */

/* Begin PBXGroup section */
		3DBB79042EA3F874003E24C2 = {
			isa = PBXGroup;
			children = (
				3D162FA22F30958400E62FC6 /* FetchModelView.swift */,
				3D22FA492F2BE2FE00A36C47 /* ContentView.swift */,
				3DBB790F2EA3F874003E24C2 /* AnchorMap */,
				3DBB791D2EA3F876003E24C2 /* AnchorMapTests */,
				3DBB79272EA3F876003E24C2 /* AnchorMapUITests */,
				3DBB790E2EA3F874003E24C2 /* Products */,
			);
			sourceTree = "<group>";
		};
		3DBB790E2EA3F874003E24C2 /* Products */ = {
			isa = PBXGroup;
			children = (
				3DBB790D2EA3F874003E24C2 /* AnchorMap.app */,
				3DBB791A2EA3F876003E24C2 /* AnchorMapTests.xctest */,
				3DBB79242EA3F876003E24C2 /* AnchorMapUITests.xctest */,
			);
			name = Products;
			sourceTree = "<group>";
		};
/* End PBXGroup section */

/* Begin PBXNativeTarget section */
		3DBB790C2EA3F874003E24C2 /* AnchorMap */ = {
			isa = PBXNativeTarget;
			buildConfigurationList = 3DBB792E2EA3F876003E24C2 /* Build configuration list for PBXNativeTarget "AnchorMap" */;
			buildPhases = (
				3DBB79092EA3F874003E24C2 /* Sources */,
				3DBB790A2EA3F874003E24C2 /* Frameworks */,
				3DBB790B2EA3F874003E24C2 /* Resources */,
			);
			buildRules = (
			);
			dependencies = (
			);
			fileSystemSynchronizedGroups = (
				3DBB790F2EA3F874003E24C2 /* AnchorMap */,
			);
			name = AnchorMap;
			packageProductDependencies = (
			);
			productName = AnchorMap;
			productReference = 3DBB790D2EA3F874003E24C2 /* AnchorMap.app */;
			productType = "com.apple.product-type.application";
		};
		3DBB79192EA3F876003E24C2 /* AnchorMapTests */ = {
			isa = PBXNativeTarget;
			buildConfigurationList = 3DBB79312EA3F876003E24C2 /* Build configuration list for PBXNativeTarget "AnchorMapTests" */;
			buildPhases = (
				3DBB79162EA3F876003E24C2 /* Sources */,
				3DBB79172EA3F876003E24C2 /* Frameworks */,
				3DBB79182EA3F876003E24C2 /* Resources */,
			);
			buildRules = (
			);
			dependencies = (
				3DBB791C2EA3F876003E24C2 /* PBXTargetDependency */,
			);
			fileSystemSynchronizedGroups = (
				3DBB791D2EA3F876003E24C2 /* AnchorMapTests */,
			);
			name = AnchorMapTests;
			packageProductDependencies = (
			);
			productName = AnchorMapTests;
			productReference = 3DBB791A2EA3F876003E24C2 /* AnchorMapTests.xctest */;
			productType = "com.apple.product-type.bundle.unit-test";
		};
		3DBB79232EA3F876003E24C2 /* AnchorMapUITests */ = {
			isa = PBXNativeTarget;
			buildConfigurationList = 3DBB79342EA3F876003E24C2 /* Build configuration list for PBXNativeTarget "AnchorMapUITests" */;
			buildPhases = (
				3DBB79202EA3F876003E24C2 /* Sources */,
				3DBB79212EA3F876003E24C2 /* Frameworks */,
				3DBB79222EA3F876003E24C2 /* Resources */,
			);
			buildRules = (
			);
			dependencies = (
				3DBB79262EA3F876003E24C2 /* PBXTargetDependency */,
			);
			fileSystemSynchronizedGroups = (
				3DBB79272EA3F876003E24C2 /* AnchorMapUITests */,
			);
			name = AnchorMapUITests;
			packageProductDependencies = (
			);
			productName = AnchorMapUITests;
			productReference = 3DBB79242EA3F876003E24C2 /* AnchorMapUITests.xctest */;
			productType = "com.apple.product-type.bundle.ui-testing";
		};
/* End PBXNativeTarget section */

/* Begin PBXProject section */
		3DBB79052EA3F874003E24C2 /* Project object */ = {
			isa = PBXProject;
			attributes = {
				BuildIndependentTargetsInParallel = 1;
				LastSwiftUpdateCheck = 2600;
				LastUpgradeCheck = 2600;
				TargetAttributes = {
					3DBB790C2EA3F874003E24C2 = {
						CreatedOnToolsVersion = 26.0.1;
					};
					3DBB79192EA3F876003E24C2 = {
						CreatedOnToolsVersion = 26.0.1;
						TestTargetID = 3DBB790C2EA3F874003E24C2;
					};
					3DBB79232EA3F876003E24C2 = {
						CreatedOnToolsVersion = 26.0.1;
						TestTargetID = 3DBB790C2EA3F874003E24C2;
					};
				};
			};
			buildConfigurationList = 3DBB79082EA3F874003E24C2 /* Build configuration list for PBXProject "AnchorMap" */;
			developmentRegion = en;
			hasScannedForEncodings = 0;
			knownRegions = (
				en,
				Base,
			);
			mainGroup = 3DBB79042EA3F874003E24C2;
			minimizedProjectReferenceProxies = 1;
			preferredProjectObjectVersion = 77;
			productRefGroup = 3DBB790E2EA3F874003E24C2 /* Products */;
			projectDirPath = "";
			projectRoot = "";
			targets = (
				3DBB790C2EA3F874003E24C2 /* AnchorMap */,
				3DBB79192EA3F876003E24C2 /* AnchorMapTests */,
				3DBB79232EA3F876003E24C2 /* AnchorMapUITests */,
			);
		};
/* End PBXProject section */

/* Begin PBXResourcesBuildPhase section */
		3DBB790B2EA3F874003E24C2 /* Resources */ = {
			isa = PBXResourcesBuildPhase;
			buildActionMask = 2147483647;
			files = (
			);
			runOnlyForDeploymentPostprocessing = 0;
		};
		3DBB79182EA3F876003E24C2 /* Resources */ = {
			isa = PBXResourcesBuildPhase;
			buildActionMask = 2147483647;
			files = (
			);
			runOnlyForDeploymentPostprocessing = 0;
		};
		3DBB79222EA3F876003E24C2 /* Resources */ = {
			isa = PBXResourcesBuildPhase;
			buildActionMask = 2147483647;
			files = (
			);
			runOnlyForDeploymentPostprocessing = 0;
		};
/* End PBXResourcesBuildPhase section */

/* Begin PBXSourcesBuildPhase section */
		3DBB79092EA3F874003E24C2 /* Sources */ = {
			isa = PBXSourcesBuildPhase;
			buildActionMask = 2147483647;
			files = (
				3D22FA4A2F2BE2FE00A36C47 /* ContentView.swift in Sources */,
				3D162FA32F30959000E62FC6 /* FetchModelView.swift in Sources */,
			);
			runOnlyForDeploymentPostprocessing = 0;
		};
		3DBB79162EA3F876003E24C2 /* Sources */ = {
			isa = PBXSourcesBuildPhase;
			buildActionMask = 2147483647;
			files = (
			);
			runOnlyForDeploymentPostprocessing = 0;
		};
		3DBB79202EA3F876003E24C2 /* Sources */ = {
			isa = PBXSourcesBuildPhase;
			buildActionMask = 2147483647;
			files = (
			);
			runOnlyForDeploymentPostprocessing = 0;
		};
/* End PBXSourcesBuildPhase section */

/* Begin PBXTargetDependency section */
		3DBB791C2EA3F876003E24C2 /* PBXTargetDependency */ = {
			isa = PBXTargetDependency;
			target = 3DBB790C2EA3F874003E24C2 /* AnchorMap */;
			targetProxy = 3DBB791B2EA3F876003E24C2 /* PBXContainerItemProxy */;
		};
		3DBB79262EA3F876003E24C2 /* PBXTargetDependency */ = {
			isa = PBXTargetDependency;
			target = 3DBB790C2EA3F874003E24C2 /* AnchorMap */;
			targetProxy = 3DBB79252EA3F876003E24C2 /* PBXContainerItemProxy */;
		};
/* End PBXTargetDependency section */

/* Begin XCBuildConfiguration section */
		3DBB792C2EA3F876003E24C2 /* Debug */ = {
			isa = XCBuildConfiguration;
			buildSettings = {
				ALWAYS_SEARCH_USER_PATHS = NO;
				ASSETCATALOG_COMPILER_GENERATE_SWIFT_ASSET_SYMBOL_EXTENSIONS = YES;
				CLANG_ANALYZER_NONNULL = YES;
				CLANG_ANALYZER_NUMBER_OBJECT_CONVERSION = YES_AGGRESSIVE;
				CLANG_CXX_LANGUAGE_STANDARD = "gnu++20";
				CLANG_ENABLE_MODULES = YES;
				CLANG_ENABLE_OBJC_ARC = YES;
				CLANG_ENABLE_OBJC_WEAK = YES;
				CLANG_WARN_BLOCK_CAPTURE_AUTORELEASING = YES;
				CLANG_WARN_BOOL_CONVERSION = YES;
				CLANG_WARN_COMMA = YES;
				CLANG_WARN_CONSTANT_CONVERSION = YES;
				CLANG_WARN_DEPRECATED_OBJC_IMPLEMENTATIONS = YES;
				CLANG_WARN_DIRECT_OBJC_ISA_USAGE = YES_ERROR;
				CLANG_WARN_DOCUMENTATION_COMMENTS = YES;
				CLANG_WARN_EMPTY_BODY = YES;
				CLANG_WARN_ENUM_CONVERSION = YES;
				CLANG_WARN_INFINITE_RECURSION = YES;
				CLANG_WARN_INT_CONVERSION = YES;
				CLANG_WARN_NON_LITERAL_NULL_CONVERSION = YES;
				CLANG_WARN_OBJC_IMPLICIT_RETAIN_SELF = YES;
				CLANG_WARN_OBJC_LITERAL_CONVERSION = YES;
				CLANG_WARN_OBJC_ROOT_CLASS = YES_ERROR;
				CLANG_WARN_QUOTED_INCLUDE_IN_FRAMEWORK_HEADER = YES;
				CLANG_WARN_RANGE_LOOP_ANALYSIS = YES;
				CLANG_WARN_STRICT_PROTOTYPES = YES;
				CLANG_WARN_SUSPICIOUS_MOVE = YES;
				CLANG_WARN_UNGUARDED_AVAILABILITY = YES_AGGRESSIVE;
				CLANG_WARN_UNREACHABLE_CODE = YES;
				CLANG_WARN__DUPLICATE_METHOD_MATCH = YES;
				COPY_PHASE_STRIP = NO;
				DEBUG_INFORMATION_FORMAT = dwarf;
				ENABLE_STRICT_OBJC_MSGSEND = YES;
				ENABLE_TESTABILITY = YES;
				ENABLE_USER_SCRIPT_SANDBOXING = YES;
				GCC_C_LANGUAGE_STANDARD = gnu17;
				GCC_DYNAMIC_NO_PIC = NO;
				GCC_NO_COMMON_BLOCKS = YES;
				GCC_OPTIMIZATION_LEVEL = 0;
				GCC_PREPROCESSOR_DEFINITIONS = (
					"DEBUG=1",
					"$(inherited)",
				);
				GCC_WARN_64_TO_32_BIT_CONVERSION = YES;
				GCC_WARN_ABOUT_RETURN_TYPE = YES_ERROR;
				GCC_WARN_UNDECLARED_SELECTOR = YES;
				GCC_WARN_UNINITIALIZED_AUTOS = YES_AGGRESSIVE;
				GCC_WARN_UNUSED_FUNCTION = YES;
				GCC_WARN_UNUSED_VARIABLE = YES;
				IPHONEOS_DEPLOYMENT_TARGET = 26.0;
				LOCALIZATION_PREFERS_STRING_CATALOGS = YES;
				MTL_ENABLE_DEBUG_INFO = INCLUDE_SOURCE;
				MTL_FAST_MATH = YES;
				ONLY_ACTIVE_ARCH = YES;
				SDKROOT = iphoneos;
				SWIFT_ACTIVE_COMPILATION_CONDITIONS = "DEBUG $(inherited)";
				SWIFT_OPTIMIZATION_LEVEL = "-Onone";
			};
			name = Debug;
		};
		3DBB792D2EA3F876003E24C2 /* Release */ = {
			isa = XCBuildConfiguration;
			buildSettings = {
				ALWAYS_SEARCH_USER_PATHS = NO;
				ASSETCATALOG_COMPILER_GENERATE_SWIFT_ASSET_SYMBOL_EXTENSIONS = YES;
				CLANG_ANALYZER_NONNULL = YES;
				CLANG_ANALYZER_NUMBER_OBJECT_CONVERSION = YES_AGGRESSIVE;
				CLANG_CXX_LANGUAGE_STANDARD = "gnu++20";
				CLANG_ENABLE_MODULES = YES;
				CLANG_ENABLE_OBJC_ARC = YES;
				CLANG_ENABLE_OBJC_WEAK = YES;
				CLANG_WARN_BLOCK_CAPTURE_AUTORELEASING = YES;
				CLANG_WARN_BOOL_CONVERSION = YES;
				CLANG_WARN_COMMA = YES;
				CLANG_WARN_CONSTANT_CONVERSION = YES;
				CLANG_WARN_DEPRECATED_OBJC_IMPLEMENTATIONS = YES;
				CLANG_WARN_DIRECT_OBJC_ISA_USAGE = YES_ERROR;
				CLANG_WARN_DOCUMENTATION_COMMENTS = YES;
				CLANG_WARN_EMPTY_BODY = YES;
				CLANG_WARN_ENUM_CONVERSION = YES;
				CLANG_WARN_INFINITE_RECURSION = YES;
				CLANG_WARN_INT_CONVERSION = YES;
				CLANG_WARN_NON_LITERAL_NULL_CONVERSION = YES;
				CLANG_WARN_OBJC_IMPLICIT_RETAIN_SELF = YES;
				CLANG_WARN_OBJC_LITERAL_CONVERSION = YES;
				CLANG_WARN_OBJC_ROOT_CLASS = YES_ERROR;
				CLANG_WARN_QUOTED_INCLUDE_IN_FRAMEWORK_HEADER = YES;
				CLANG_WARN_RANGE_LOOP_ANALYSIS = YES;
				CLANG_WARN_STRICT_PROTOTYPES = YES;
				CLANG_WARN_SUSPICIOUS_MOVE = YES;
				CLANG_WARN_UNGUARDED_AVAILABILITY = YES_AGGRESSIVE;
				CLANG_WARN_UNREACHABLE_CODE = YES;
				CLANG_WARN__DUPLICATE_METHOD_MATCH = YES;
				COPY_PHASE_STRIP = NO;
				DEBUG_INFORMATION_FORMAT = "dwarf-with-dsym";
				ENABLE_NS_ASSERTIONS = NO;
				ENABLE_STRICT_OBJC_MSGSEND = YES;
				ENABLE_USER_SCRIPT_SANDBOXING = YES;
				GCC_C_LANGUAGE_STANDARD = gnu17;
				GCC_NO_COMMON_BLOCKS = YES;
				GCC_WARN_64_TO_32_BIT_CONVERSION = YES;
				GCC_WARN_ABOUT_RETURN_TYPE = YES_ERROR;
				GCC_WARN_UNDECLARED_SELECTOR = YES;
				GCC_WARN_UNINITIALIZED_AUTOS = YES_AGGRESSIVE;
				GCC_WARN_UNUSED_FUNCTION = YES;
				GCC_WARN_UNUSED_VARIABLE = YES;
				IPHONEOS_DEPLOYMENT_TARGET = 26.0;
				LOCALIZATION_PREFERS_STRING_CATALOGS = YES;
				MTL_ENABLE_DEBUG_INFO = NO;
				MTL_FAST_MATH = YES;
				SDKROOT = iphoneos;
				SWIFT_COMPILATION_MODE = wholemodule;
				VALIDATE_PRODUCT = YES;
			};
			name = Release;
		};
		3DBB792F2EA3F876003E24C2 /* Debug */ = {
			isa = XCBuildConfiguration;
			buildSettings = {
				ASSETCATALOG_COMPILER_APPICON_NAME = AppIcon;
				ASSETCATALOG_COMPILER_GLOBAL_ACCENT_COLOR_NAME = AccentColor;
				CODE_SIGN_ENTITLEMENTS = AnchorMap/AnchorMap.entitlements;
				CODE_SIGN_IDENTITY = "Apple Development";
				CODE_SIGN_STYLE = Automatic;
				CURRENT_PROJECT_VERSION = 1;
				DEVELOPMENT_TEAM = TKB3S8Y4JZ;
				ENABLE_PREVIEWS = YES;
				GENERATE_INFOPLIST_FILE = YES;
				INFOPLIST_FILE = AnchorMap/Info.plist;
				INFOPLIST_KEY_UIApplicationSceneManifest_Generation = YES;
				INFOPLIST_KEY_UIApplicationSupportsIndirectInputEvents = YES;
				INFOPLIST_KEY_UILaunchScreen_Generation = YES;
				INFOPLIST_KEY_UISupportedInterfaceOrientations_iPad = "UIInterfaceOrientationPortrait UIInterfaceOrientationPortraitUpsideDown UIInterfaceOrientationLandscapeLeft UIInterfaceOrientationLandscapeRight";
				INFOPLIST_KEY_UISupportedInterfaceOrientations_iPhone = "UIInterfaceOrientationPortrait UIInterfaceOrientationLandscapeLeft UIInterfaceOrientationLandscapeRight";
				LD_RUNPATH_SEARCH_PATHS = (
					"$(inherited)",
					"@executable_path/Frameworks",
				);
				MARKETING_VERSION = 1.0;
				PRODUCT_BUNDLE_IDENTIFIER = app.AnchorMap;
				PRODUCT_NAME = "$(TARGET_NAME)";
				PROVISIONING_PROFILE_SPECIFIER = "";
				STRING_CATALOG_GENERATE_SYMBOLS = YES;
				SWIFT_APPROACHABLE_CONCURRENCY = YES;
				SWIFT_DEFAULT_ACTOR_ISOLATION = MainActor;
				SWIFT_EMIT_LOC_STRINGS = YES;
				SWIFT_UPCOMING_FEATURE_MEMBER_IMPORT_VISIBILITY = YES;
				SWIFT_VERSION = 5.0;
				TARGETED_DEVICE_FAMILY = "1,2";
			};
			name = Debug;
		};
		3DBB79302EA3F876003E24C2 /* Release */ = {
			isa = XCBuildConfiguration;
			buildSettings = {
				ASSETCATALOG_COMPILER_APPICON_NAME = AppIcon;
				ASSETCATALOG_COMPILER_GLOBAL_ACCENT_COLOR_NAME = AccentColor;
				CODE_SIGN_ENTITLEMENTS = AnchorMap/AnchorMap.entitlements;
				CODE_SIGN_IDENTITY = "Apple Development";
				CODE_SIGN_STYLE = Automatic;
				CURRENT_PROJECT_VERSION = 1;
				DEVELOPMENT_TEAM = TKB3S8Y4JZ;
				ENABLE_PREVIEWS = YES;
				GENERATE_INFOPLIST_FILE = YES;
				INFOPLIST_FILE = AnchorMap/Info.plist;
				INFOPLIST_KEY_UIApplicationSceneManifest_Generation = YES;
				INFOPLIST_KEY_UIApplicationSupportsIndirectInputEvents = YES;
				INFOPLIST_KEY_UILaunchScreen_Generation = YES;
				INFOPLIST_KEY_UISupportedInterfaceOrientations_iPad = "UIInterfaceOrientationPortrait UIInterfaceOrientationPortraitUpsideDown UIInterfaceOrientationLandscapeLeft UIInterfaceOrientationLandscapeRight";
				INFOPLIST_KEY_UISupportedInterfaceOrientations_iPhone = "UIInterfaceOrientationPortrait UIInterfaceOrientationLandscapeLeft UIInterfaceOrientationLandscapeRight";
				LD_RUNPATH_SEARCH_PATHS = (
					"$(inherited)",
					"@executable_path/Frameworks",
				);
				MARKETING_VERSION = 1.0;
				PRODUCT_BUNDLE_IDENTIFIER = app.AnchorMap;
				PRODUCT_NAME = "$(TARGET_NAME)";
				PROVISIONING_PROFILE_SPECIFIER = "";
				STRING_CATALOG_GENERATE_SYMBOLS = YES;
				SWIFT_APPROACHABLE_CONCURRENCY = YES;
				SWIFT_DEFAULT_ACTOR_ISOLATION = MainActor;
				SWIFT_EMIT_LOC_STRINGS = YES;
				SWIFT_UPCOMING_FEATURE_MEMBER_IMPORT_VISIBILITY = YES;
				SWIFT_VERSION = 5.0;
				TARGETED_DEVICE_FAMILY = "1,2";
			};
			name = Release;
		};
		3DBB79322EA3F876003E24C2 /* Debug */ = {
			isa = XCBuildConfiguration;
			buildSettings = {
				BUNDLE_LOADER = "$(TEST_HOST)";
				CODE_SIGN_STYLE = Automatic;
				CURRENT_PROJECT_VERSION = 1;
				GENERATE_INFOPLIST_FILE = YES;
				IPHONEOS_DEPLOYMENT_TARGET = 26.0;
				MARKETING_VERSION = 1.0;
				PRODUCT_BUNDLE_IDENTIFIER = app.AnchorMapTests;
				PRODUCT_NAME = "$(TARGET_NAME)";
				STRING_CATALOG_GENERATE_SYMBOLS = NO;
				SWIFT_APPROACHABLE_CONCURRENCY = YES;
				SWIFT_EMIT_LOC_STRINGS = NO;
				SWIFT_UPCOMING_FEATURE_MEMBER_IMPORT_VISIBILITY = YES;
				SWIFT_VERSION = 5.0;
				TARGETED_DEVICE_FAMILY = "1,2";
				TEST_HOST = "$(BUILT_PRODUCTS_DIR)/AnchorMap.app/$(BUNDLE_EXECUTABLE_FOLDER_PATH)/AnchorMap";
			};
			name = Debug;
		};
		3DBB79332EA3F876003E24C2 /* Release */ = {
			isa = XCBuildConfiguration;
			buildSettings = {
				BUNDLE_LOADER = "$(TEST_HOST)";
				CODE_SIGN_STYLE = Automatic;
				CURRENT_PROJECT_VERSION = 1;
				GENERATE_INFOPLIST_FILE = YES;
				IPHONEOS_DEPLOYMENT_TARGET = 26.0;
				MARKETING_VERSION = 1.0;
				PRODUCT_BUNDLE_IDENTIFIER = app.AnchorMapTests;
				PRODUCT_NAME = "$(TARGET_NAME)";
				STRING_CATALOG_GENERATE_SYMBOLS = NO;
				SWIFT_APPROACHABLE_CONCURRENCY = YES;
				SWIFT_EMIT_LOC_STRINGS = NO;
				SWIFT_UPCOMING_FEATURE_MEMBER_IMPORT_VISIBILITY = YES;
				SWIFT_VERSION = 5.0;
				TARGETED_DEVICE_FAMILY = "1,2";
				TEST_HOST = "$(BUILT_PRODUCTS_DIR)/AnchorMap.app/$(BUNDLE_EXECUTABLE_FOLDER_PATH)/AnchorMap";
			};
			name = Release;
		};
		3DBB79352EA3F876003E24C2 /* Debug */ = {
			isa = XCBuildConfiguration;
			buildSettings = {
				CODE_SIGN_STYLE = Automatic;
				CURRENT_PROJECT_VERSION = 1;
				GENERATE_INFOPLIST_FILE = YES;
				MARKETING_VERSION = 1.0;
				PRODUCT_BUNDLE_IDENTIFIER = app.AnchorMapUITests;
				PRODUCT_NAME = "$(TARGET_NAME)";
				STRING_CATALOG_GENERATE_SYMBOLS = NO;
				SWIFT_APPROACHABLE_CONCURRENCY = YES;
				SWIFT_EMIT_LOC_STRINGS = NO;
				SWIFT_UPCOMING_FEATURE_MEMBER_IMPORT_VISIBILITY = YES;
				SWIFT_VERSION = 5.0;
				TARGETED_DEVICE_FAMILY = "1,2";
				TEST_TARGET_NAME = AnchorMap;
			};
			name = Debug;
		};
		3DBB79362EA3F876003E24C2 /* Release */ = {
			isa = XCBuildConfiguration;
			buildSettings = {
				CODE_SIGN_STYLE = Automatic;
				CURRENT_PROJECT_VERSION = 1;
				GENERATE_INFOPLIST_FILE = YES;
				MARKETING_VERSION = 1.0;
				PRODUCT_BUNDLE_IDENTIFIER = app.AnchorMapUITests;
				PRODUCT_NAME = "$(TARGET_NAME)";
				STRING_CATALOG_GENERATE_SYMBOLS = NO;
				SWIFT_APPROACHABLE_CONCURRENCY = YES;
				SWIFT_EMIT_LOC_STRINGS = NO;
				SWIFT_UPCOMING_FEATURE_MEMBER_IMPORT_VISIBILITY = YES;
				SWIFT_VERSION = 5.0;
				TARGETED_DEVICE_FAMILY = "1,2";
				TEST_TARGET_NAME = AnchorMap;
			};
			name = Release;
		};
/* End XCBuildConfiguration section */

/* Begin XCConfigurationList section */
		3DBB79082EA3F874003E24C2 /* Build configuration list for PBXProject "AnchorMap" */ = {
			isa = XCConfigurationList;
			buildConfigurations = (
				3DBB792C2EA3F876003E24C2 /* Debug */,
				3DBB792D2EA3F876003E24C2 /* Release */,
			);
			defaultConfigurationIsVisible = 0;
			defaultConfigurationName = Release;
		};
		3DBB792E2EA3F876003E24C2 /* Build configuration list for PBXNativeTarget "AnchorMap" */ = {
			isa = XCConfigurationList;
			buildConfigurations = (
				3DBB792F2EA3F876003E24C2 /* Debug */,
				3DBB79302EA3F876003E24C2 /* Release */,
			);
			defaultConfigurationIsVisible = 0;
			defaultConfigurationName = Release;
		};
		3DBB79312EA3F876003E24C2 /* Build configuration list for PBXNativeTarget "AnchorMapTests" */ = {
			isa = XCConfigurationList;
			buildConfigurations = (
				3DBB79322EA3F876003E24C2 /* Debug */,
				3DBB79332EA3F876003E24C2 /* Release */,
			);
			defaultConfigurationIsVisible = 0;
			defaultConfigurationName = Release;
		};
		3DBB79342EA3F876003E24C2 /* Build configuration list for PBXNativeTarget "AnchorMapUITests" */ = {
			isa = XCConfigurationList;
			buildConfigurations = (
				3DBB79352EA3F876003E24C2 /* Debug */,
				3DBB79362EA3F876003E24C2 /* Release */,
			);
			defaultConfigurationIsVisible = 0;
			defaultConfigurationName = Release;
		};
/* End XCConfigurationList section */
	};
	rootObject = 3DBB79052EA3F874003E24C2 /* Project object */;
}
